# This file is automatically @generated by Poetry 1.8.3 and should not be changed by hand.

[[package]]
name = "black"
version = "24.2.0"
description = "The uncompromising code formatter."
optional = false
python-versions = "*"
files = []

[[package]]
name = "debugpy"
version = "1.8.1"
description = "An implementation of the Debug Adapter Protocol for Python"
optional = false
python-versions = "*"
files = []

[[package]]
name = "flake8"
version = "7.0.0"
description = "the modular source code checker: pep8 pyflakes and co"
optional = false
python-versions = "*"
files = []

[[package]]
name = "flake8-docstrings"
version = "1.7.0"
description = "Extension for flake8 which uses pydocstyle to check docstrings"
optional = false
python-versions = "*"
files = []

[[package]]
name = "Flake8-pyproject"
version = "1.2.3"
description = "Flake8 plug-in loading the configuration from pyproject.toml"
optional = false
python-versions = "*"
files = []

[[package]]
name = "isort"
version = "5.13.2"
description = "A Python utility / library to sort Python imports."
optional = false
python-versions = "*"
files = []

[[package]]
name = "jsonschema"
version = "4.22.0"
description = "An implementation of JSON Schema validation for Python"
optional = false
python-versions = "*"
files = []

[[package]]
name = "more-itertools"
version = "10.3.0"
description = "More routines for operating on iterables, beyond itertools"
optional = false
python-versions = "*"
files = []

[[package]]
name = "mypy"
version = "1.10.0"
description = "Optional static typing for Python"
optional = false
python-versions = "*"
files = []

[[package]]
name = "numpy"
version = "1.26.4"
description = "Fundamental package for array computing in Python"
optional = false
python-versions = "*"
files = []

[[package]]
name = "pycodestyle"
version = "2.11.1"
description = "Python style guide checker"
optional = false
python-versions = "*"
files = []

[[package]]
name = "pylint"
version = "2.17.7"
description = "python code static checker"
optional = false
python-versions = "*"
files = []

[[package]]
name = "pylint-junit"
version = "0.3.4"
description = "pylint reporter for junit format."
optional = false
python-versions = "*"
files = []

[[package]]
name = "pysnmp-lextudio"
version = "5.0.34"
description = ""
optional = false
python-versions = "*"
files = []

[[package]]
name = "pytango"
version = "9.5.1"
description = "Python bindings for the cppTango library; part of the Tango Distributed Control System toolkit"
optional = false
python-versions = "*"
files = []

[[package]]
name = "pytest"
version = "7.4.4"
description = "pytest: simple powerful testing with Python"
optional = false
python-versions = "*"
files = []

[[package]]
name = "pytest-cov"
version = "4.1.0"
description = "Pytest plugin for measuring coverage."
optional = false
python-versions = "*"
files = []

[[package]]
name = "pytest-forked"
version = "1.6.0"
description = "run tests in isolated forked subprocesses"
optional = false
python-versions = "*"
files = []

[[package]]
name = "pytest-json-report"
version = "1.5.0"
description = "A pytest plugin to report test results as JSON files"
optional = false
python-versions = "*"
files = []

[[package]]
name = "pytest-timeout"
version = "2.3.1"
description = "pytest plugin to abort hanging tests"
optional = false
python-versions = "*"
files = []

[[package]]
name = "PyYAML"
version = "6.0.1"
description = "YAML parser and emitter for Python"
optional = false
python-versions = "*"
files = []

[[package]]
name = "ska-control-model"
version = "1.0.0"
description = "The SKA control model"
optional = false
python-versions = ">=3.10,<4.0"
files = [
    {file = "ska_control_model-1.0.0-py3-none-any.whl", hash = "sha256:b5573317eb1b18308634d6d88c187310877222bef397a025ad47d01ff2f57d7f"},
    {file = "ska_control_model-1.0.0.tar.gz", hash = "sha256:8434af88da664d5a74ed4f93e96f498bfa9a70325d1caa39dad5578d9f53c4cf"},
]

[package.dependencies]
pytango = ">=9.4.2,<10.0.0"
transitions = ">=0.9.0,<0.10.0"

[package.source]
type = "legacy"
url = "https://artefact.skao.int/repository/pypi-internal/simple"
reference = "skao"

[[package]]
name = "ska-ser-logging"
version = "0.4.3"
description = "Square Kilometre Array logging configuration library"
optional = false
python-versions = ">=3.10,<4.0"
files = [
    {file = "ska_ser_logging-0.4.3-py3-none-any.whl", hash = "sha256:06a337e4e726f36d24b86087ec106fbb9e65be4566fe328eb56f56f2310322f8"},
    {file = "ska_ser_logging-0.4.3.tar.gz", hash = "sha256:a94aa51db54ad2a88af4c320c850c766c1733d9f8534381dd67f993e8e4f5d11"},
]

[package.source]
type = "legacy"
url = "https://artefact.skao.int/repository/pypi-internal/simple"
reference = "skao"

[[package]]
name = "ska-tango-base"
version = "1.0.0"
description = "SKA Tango base classes"
optional = false
python-versions = ">=3.10,<4.0"
files = [
    {file = "ska_tango_base-1.0.0-py3-none-any.whl", hash = "sha256:edb86c02f7de36b8b8b8ea379e986de7885e48feb2b6aa4210233ff163f4ae0c"},
    {file = "ska_tango_base-1.0.0.tar.gz", hash = "sha256:20636bb3b3966caa37c53a972ac4031c3d6cf7eebb0bce4e99064f90a76fb5a5"},
]

[package.dependencies]
debugpy = ">=1.6.2,<2.0.0"
jsonschema = ">=4.17.3,<5.0.0"
numpy = {version = ">=1.21.6", markers = "python_version == \"3.10\""}
pytango = ">=9.4.2,<10.0.0"
ska-control-model = ">=1.0.0,<2.0.0"
ska-ser-logging = ">=0.4.3,<0.5.0"
transitions = ">=0.9.0,<0.10.0"

[package.source]
type = "legacy"
url = "https://artefact.skao.int/repository/pypi-internal/simple"
reference = "skao"

[[package]]
name = "ska-tango-testing"
version = "0.4.1"
description = "Test harness for testing SKA Tango devices"
optional = false
python-versions = ">=3.7,<4.0"
files = [
    {file = "ska-tango-testing-0.4.1.tar.gz", hash = "sha256:c41c1d6593b59de15aa7a11e05a61b39f08e900e824d4325afb053327bc21e63"},
    {file = "ska_tango_testing-0.4.1-py3-none-any.whl", hash = "sha256:58541c22e741387b119c63ad1f90265f7f5e7b76b21049fc266bb1133fc27bbf"},
]

[package.dependencies]
pytango = ">=9.3,<10.0"

[package.source]
type = "legacy"
url = "https://artefact.skao.int/repository/pypi-internal/simple"
reference = "skao"

[[package]]
name = "snmpsim-lextudio"
version = "1.0.6"
description = "SNMP Simulator is a tool that acts as multitude of SNMP Agents built into real physical devices, from SNMP Manager's point of view. Simulator builds and uses a database of physical devices' SNMP footprints to respond like their original counterparts do."
optional = false
python-versions = "*"
files = []

[[package]]
name = "Sphinx"
version = "5.2.0"
description = "Python documentation generator"
optional = false
python-versions = "*"
files = []

[[package]]
name = "sphinx-autodoc-typehints"
version = "1.19.0"
description = "Type hints (PEP 484) support for the Sphinx autodoc extension"
optional = false
python-versions = "*"
files = []

[[package]]
name = "sphinx-rtd-theme"
version = "1.3.0"
description = "Read the Docs theme for Sphinx"
optional = false
python-versions = "*"
files = []

[[package]]
name = "toml"
version = "0.10.2"
description = "Python Library for Tom's Obvious, Minimal Language"
optional = false
python-versions = "*"
files = []

[[package]]
name = "transitions"
version = "0.9.1"
description = "A lightweight, object-oriented Python state machine implementation with many extensions."
optional = false
python-versions = "*"
files = []

[[package]]
name = "types-PyYAML"
version = "6.0.12.20240311"
description = "Typing stubs for PyYAML"
optional = false
python-versions = "*"
files = []

[metadata]
lock-version = "2.0"
python-versions = "~3.10"
content-hash = "a7ad239b5e32b8b73c2e52cf2d305c68d3b7bbbe80f08271289ae81c2bf3b9af"
